PODS:
  - bitmap (0.0.1):
    - Flutter
  - Flutter (1.0.0)
  - sensors (0.0.1):
    - Flutter

DEPENDENCIES:
  - bitmap (from `.symlinks/plugins/bitmap/ios`)
  - Flutter (from `Flutter`)
  - sensors (from `.symlinks/plugins/sensors/ios`)

EXTERNAL SOURCES:
  bitmap:
    :path: ".symlinks/plugins/bitmap/ios"
  Flutter:
    :path: Flutter
  sensors:
    :path: ".symlinks/plugins/sensors/ios"

SPEC CHECKSUMS:
  bitmap: 591b0556efe6e811a263b8dfdc511fe1faa72315
  Flutter: 434fef37c0980e73bb6479ef766c45957d4b510c
  sensors: 84eb7a30e47a649e4172b71d6e81be614c280336

PODFILE CHECKSUM: aafe91acc616949ddb318b77800a7f51bffa2a4c

COCOAPODS: 1.10.1
